
Microsoft Visual Studio Solution File, Format Version 12.00
# Visual Studio Version 17
VisualStudioVersion = 17.6.33815.320
MinimumVisualStudioVersion = 10.0.40219.1
Project("{2150E333-8FDC-42A3-9474-1A3956D46DE8}") = "doc", "doc", "{581565FB-92AD-490A-831E-CB6EE8FF0328}"
EndProject
Project("{2150E333-8FDC-42A3-9474-1A3956D46DE8}") = "src", "src", "{E228FD22-8142-4CE8-B2AC-5860E8C48588}"
EndProject
Project("{2150E333-8FDC-42A3-9474-1A3956D46DE8}") = "test", "test", "{9CCD7239-DD37-426C-BBB4-C330FD6E4F60}"
EndProject
Project("{2150E333-8FDC-42A3-9474-1A3956D46DE8}") = "Common", "Common", "{0083BD78-C863-4E3D-8E40-6A8586DBA08A}"
EndProject
Project("{2150E333-8FDC-42A3-9474-1A3956D46DE8}") = "Core", "Core", "{6D67442E-2953-4038-8B37-74CDB045EEA0}"
EndProject
Project("{2150E333-8FDC-42A3-9474-1A3956D46DE8}") = "Infrastructure", "Infrastructure", "{5F33A812-76A6-42EE-A382-73F0DCCD05B2}"
EndProject
Project("{2150E333-8FDC-42A3-9474-1A3956D46DE8}") = "Presentation", "Presentation", "{B92038F6-8115-41C9-921A-5FF43568B6CC}"
EndProject
Project("{FAE04EC0-301F-11D3-BF4B-00C04F79EFBC}") = "MyShop.Common", "src\Common\MyShop.Common\MyShop.Common.csproj", "{6EF28A2E-29CC-4B3B-A7B2-A9DD39F141A5}"
EndProject
Project("{FAE04EC0-301F-11D3-BF4B-00C04F79EFBC}") = "MyShop.Application", "src\Core\MyShop.Application\MyShop.Application.csproj", "{A14FFB04-E45E-4D9D-B40F-9989DEACF4D6}"
EndProject
Project("{FAE04EC0-301F-11D3-BF4B-00C04F79EFBC}") = "MyShop.Domain", "src\Core\MyShop.Domain\MyShop.Domain.csproj", "{7EACDEF3-17C6-4BB7-8657-EC7BF30E34EC}"
EndProject
Project("{FAE04EC0-301F-11D3-BF4B-00C04F79EFBC}") = "MyShop.Persistence", "src\Infrastructure\MyShop.Persistence\MyShop.Persistence.csproj", "{B12B2889-D4D6-4541-BC31-8A57E5F71095}"
EndProject
Project("{9A19103F-16F7-4668-BE54-9A1E7A4F7556}") = "shiraz-shop", "src\Presentation\shiraz-shop\shiraz-shop.csproj", "{8F265AD2-C16D-4823-901F-E257FA6019AA}"
EndProject
Global
	GlobalSection(SolutionConfigurationPlatforms) = preSolution
		Debug|Any CPU = Debug|Any CPU
		Release|Any CPU = Release|Any CPU
	EndGlobalSection
	GlobalSection(ProjectConfigurationPlatforms) = postSolution
		{6EF28A2E-29CC-4B3B-A7B2-A9DD39F141A5}.Debug|Any CPU.ActiveCfg = Debug|Any CPU
		{6EF28A2E-29CC-4B3B-A7B2-A9DD39F141A5}.Debug|Any CPU.Build.0 = Debug|Any CPU
		{6EF28A2E-29CC-4B3B-A7B2-A9DD39F141A5}.Release|Any CPU.ActiveCfg = Release|Any CPU
		{6EF28A2E-29CC-4B3B-A7B2-A9DD39F141A5}.Release|Any CPU.Build.0 = Release|Any CPU
		{A14FFB04-E45E-4D9D-B40F-9989DEACF4D6}.Debug|Any CPU.ActiveCfg = Debug|Any CPU
		{A14FFB04-E45E-4D9D-B40F-9989DEACF4D6}.Debug|Any CPU.Build.0 = Debug|Any CPU
		{A14FFB04-E45E-4D9D-B40F-9989DEACF4D6}.Release|Any CPU.ActiveCfg = Release|Any CPU
		{A14FFB04-E45E-4D9D-B40F-9989DEACF4D6}.Release|Any CPU.Build.0 = Release|Any CPU
		{7EACDEF3-17C6-4BB7-8657-EC7BF30E34EC}.Debug|Any CPU.ActiveCfg = Debug|Any CPU
		{7EACDEF3-17C6-4BB7-8657-EC7BF30E34EC}.Debug|Any CPU.Build.0 = Debug|Any CPU
		{7EACDEF3-17C6-4BB7-8657-EC7BF30E34EC}.Release|Any CPU.ActiveCfg = Release|Any CPU
		{7EACDEF3-17C6-4BB7-8657-EC7BF30E34EC}.Release|Any CPU.Build.0 = Release|Any CPU
		{B12B2889-D4D6-4541-BC31-8A57E5F71095}.Debug|Any CPU.ActiveCfg = Debug|Any CPU
		{B12B2889-D4D6-4541-BC31-8A57E5F71095}.Debug|Any CPU.Build.0 = Debug|Any CPU
		{B12B2889-D4D6-4541-BC31-8A57E5F71095}.Release|Any CPU.ActiveCfg = Release|Any CPU
		{B12B2889-D4D6-4541-BC31-8A57E5F71095}.Release|Any CPU.Build.0 = Release|Any CPU
		{8F265AD2-C16D-4823-901F-E257FA6019AA}.Debug|Any CPU.ActiveCfg = Debug|Any CPU
		{8F265AD2-C16D-4823-901F-E257FA6019AA}.Debug|Any CPU.Build.0 = Debug|Any CPU
		{8F265AD2-C16D-4823-901F-E257FA6019AA}.Release|Any CPU.ActiveCfg = Release|Any CPU
		{8F265AD2-C16D-4823-901F-E257FA6019AA}.Release|Any CPU.Build.0 = Release|Any CPU
	EndGlobalSection
	GlobalSection(SolutionProperties) = preSolution
		HideSolutionNode = FALSE
	EndGlobalSection
	GlobalSection(NestedProjects) = preSolution
		{0083BD78-C863-4E3D-8E40-6A8586DBA08A} = {E228FD22-8142-4CE8-B2AC-5860E8C48588}
		{6D67442E-2953-4038-8B37-74CDB045EEA0} = {E228FD22-8142-4CE8-B2AC-5860E8C48588}
		{5F33A812-76A6-42EE-A382-73F0DCCD05B2} = {E228FD22-8142-4CE8-B2AC-5860E8C48588}
		{B92038F6-8115-41C9-921A-5FF43568B6CC} = {E228FD22-8142-4CE8-B2AC-5860E8C48588}
		{6EF28A2E-29CC-4B3B-A7B2-A9DD39F141A5} = {0083BD78-C863-4E3D-8E40-6A8586DBA08A}
		{A14FFB04-E45E-4D9D-B40F-9989DEACF4D6} = {6D67442E-2953-4038-8B37-74CDB045EEA0}
		{7EACDEF3-17C6-4BB7-8657-EC7BF30E34EC} = {6D67442E-2953-4038-8B37-74CDB045EEA0}
		{B12B2889-D4D6-4541-BC31-8A57E5F71095} = {5F33A812-76A6-42EE-A382-73F0DCCD05B2}
		{8F265AD2-C16D-4823-901F-E257FA6019AA} = {B92038F6-8115-41C9-921A-5FF43568B6CC}
	EndGlobalSection
	GlobalSection(ExtensibilityGlobals) = postSolution
		SolutionGuid = {599A0609-25C4-4507-9136-13145964763C}
	EndGlobalSection
EndGlobal
